github.com/Hexilee/impler v1.0.0-alpha-fix1 h1:8ZrQYHti9mclvUBlJF80t69LM7QaFVMWmXHNjXAbanU=
github.com/Hexilee/impler v1.0.0-alpha-fix1/go.mod h1:QLpazXI1VRK7tdZJ6GyzWEdslx34fCbguwfGV0OLi/8=
github.com/dave/jennifer v1.1.0 h1:9B19+/zrxe9LRuyLY8MHYYfxjf0p6nSWv/PMZTqp+aE=
github.com/dave/jennifer v1.1.0/go.mod h1:fIb+770HOpJ2fmN9EPPKOqm1vMGhB+TwXKMZhrIygKg=
github.com/davecgh/go-spew v1.1.1/go.mod h1:J7Y8YcW2NihsgmVo/mv3lAwl/skON4iLHjSsI+c5H38=
github.com/pmezard/go-difflib v1.0.0/go.mod h1:iKH77koFhYxTK1pcRnkKkqfTogsbg7gZNVY4sRDYZ/4=
github.com/stretchr/testify v1.2.2/go.mod h1:a8OnRcib4nhh0OaRAV+Yts87kKdq0PP7pXfy6kDkUVs=
